
Microsoft Visual Studio Solution File, Format Version 12.00
# Visual Studio Version 16
VisualStudioVersion = 16.0.31624.102
MinimumVisualStudioVersion = 10.0.40219.1
Project("{FAE04EC0-301F-11D3-BF4B-00C04F79EFBC}") = "HelloASPDotNet", "HelloASPDotNet.csproj", "{D183B904-E1DF-42E6-8E0C-48D5CE1252E9}"
EndProject
Global
	GlobalSection(SolutionConfigurationPlatforms) = preSolution
		Debug|Any CPU = Debug|Any CPU
		Release|Any CPU = Release|Any CPU
	EndGlobalSection
	GlobalSection(ProjectConfigurationPlatforms) = postSolution
		{D183B904-E1DF-42E6-8E0C-48D5CE1252E9}.Debug|Any CPU.ActiveCfg = Debug|Any CPU
		{D183B904-E1DF-42E6-8E0C-48D5CE1252E9}.Debug|Any CPU.Build.0 = Debug|Any CPU
		{D183B904-E1DF-42E6-8E0C-48D5CE1252E9}.Release|Any CPU.ActiveCfg = Release|Any CPU
		{D183B904-E1DF-42E6-8E0C-48D5CE1252E9}.Release|Any CPU.Build.0 = Release|Any CPU
	EndGlobalSection
	GlobalSection(SolutionProperties) = preSolution
		HideSolutionNode = FALSE
	EndGlobalSection
	GlobalSection(ExtensibilityGlobals) = postSolution
		SolutionGuid = {20BD6E1D-F2CA-425C-851C-5B3742DB032C}
	EndGlobalSection
EndGlobal
